
Microsoft Visual Studio Solution File, Format Version 12.00
# Visual Studio Version 17
VisualStudioVersion = 17.7.34221.43
MinimumVisualStudioVersion = 10.0.40219.1
Project("{9A19103F-16F7-4668-BE54-9A1E7A4F7556}") = "Staging1", "Staging1.csproj", "{C4197498-907A-4435-B414-5BEDF25CCEC2}"
EndProject
Project("{FAE04EC0-301F-11D3-BF4B-00C04F79EFBC}") = "TestProject2", "..\TestProject2\TestProject2.csproj", "{3CEE6528-BC6A-4F4D-AD89-2A1790922CBA}"
EndProject
Global
	GlobalSection(SolutionConfigurationPlatforms) = preSolution
		Debug|Any CPU = Debug|Any CPU
		Release|Any CPU = Release|Any CPU
	EndGlobalSection
	GlobalSection(ProjectConfigurationPlatforms) = postSolution
		{C4197498-907A-4435-B414-5BEDF25CCEC2}.Debug|Any CPU.ActiveCfg = Debug|Any CPU
		{C4197498-907A-4435-B414-5BEDF25CCEC2}.Debug|Any CPU.Build.0 = Debug|Any CPU
		{C4197498-907A-4435-B414-5BEDF25CCEC2}.Release|Any CPU.ActiveCfg = Release|Any CPU
		{C4197498-907A-4435-B414-5BEDF25CCEC2}.Release|Any CPU.Build.0 = Release|Any CPU
		{3CEE6528-BC6A-4F4D-AD89-2A1790922CBA}.Debug|Any CPU.ActiveCfg = Debug|Any CPU
		{3CEE6528-BC6A-4F4D-AD89-2A1790922CBA}.Debug|Any CPU.Build.0 = Debug|Any CPU
		{3CEE6528-BC6A-4F4D-AD89-2A1790922CBA}.Release|Any CPU.ActiveCfg = Release|Any CPU
		{3CEE6528-BC6A-4F4D-AD89-2A1790922CBA}.Release|Any CPU.Build.0 = Release|Any CPU
	EndGlobalSection
	GlobalSection(SolutionProperties) = preSolution
		HideSolutionNode = FALSE
	EndGlobalSection
	GlobalSection(ExtensibilityGlobals) = postSolution
		SolutionGuid = {0A0DC7C2-098E-42A8-A2B0-B569795FD19C}
	EndGlobalSection
EndGlobal
